// !$*UTF8*$!
{
	archiveVersion = 1;
	classes = {
	};
	objectVersion = 48;
	objects = {

/* Begin PBXBuildFile section */
		1103C6551F8003F80088DA6B /* moveEffect.sks in Resources */ = {isa = PBXBuildFile; fileRef = 1103C6541F8003F80088DA6B /* moveEffect.sks */; };
		1103C6571F8004DE0088DA6B /* leftEffect.sks in Resources */ = {isa = PBXBuildFile; fileRef = 1103C6561F8004DE0088DA6B /* leftEffect.sks */; };
		1103C6651F8006390088DA6B /* Assets.xcassets in Resources */ = {isa = PBXBuildFile; fileRef = 1103C6631F8006390088DA6B /* Assets.xcassets */; };
		114B96341F7BEDE4008DB1A8 /* AppDelegate.swift in Sources */ = {isa = PBXBuildFile; fileRef = 114B96331F7BEDE4008DB1A8 /* AppDelegate.swift */; };
		114B96361F7BEDE4008DB1A8 /* DSMainScene.sks in Resources */ = {isa = PBXBuildFile; fileRef = 114B96351F7BEDE4008DB1A8 /* DSMainScene.sks */; };
		114B963A1F7BEDE4008DB1A8 /* DSMainScene.swift in Sources */ = {isa = PBXBuildFile; fileRef = 114B96391F7BEDE4008DB1A8 /* DSMainScene.swift */; };
		114B963C1F7BEDE4008DB1A8 /* DSMainController.swift in Sources */ = {isa = PBXBuildFile; fileRef = 114B963B1F7BEDE4008DB1A8 /* DSMainController.swift */; };
		114B963F1F7BEDE4008DB1A8 /* Main.storyboard in Resources */ = {isa = PBXBuildFile; fileRef = 114B963D1F7BEDE4008DB1A8 /* Main.storyboard */; };
		114B96441F7BEDE4008DB1A8 /* LaunchScreen.storyboard in Resources */ = {isa = PBXBuildFile; fileRef = 114B96421F7BEDE4008DB1A8 /* LaunchScreen.storyboard */; };
		114B96551F7EA308008DB1A8 /* Actions.sks in Resources */ = {isa = PBXBuildFile; fileRef = 114B96541F7EA308008DB1A8 /* Actions.sks */; };
		118CE18F1F868119003CC4BC /* fierEffect.sks in Resources */ = {isa = PBXBuildFile; fileRef = 118CE18E1F868119003CC4BC /* fierEffect.sks */; };
		11ECCED61F7EB81900942759 /* btnRight.png in Resources */ = {isa = PBXBuildFile; fileRef = 11ECCED41F7EB81800942759 /* btnRight.png */; };
		11ECCED71F7EB81900942759 /* btnLeft.png in Resources */ = {isa = PBXBuildFile; fileRef = 11ECCED51F7EB81800942759 /* btnLeft.png */; };
/* End PBXBuildFile section */

/* Begin PBXFileReference section */
		1103C6531F7FFD3F0088DA6B /* btnVelocity.png */ = {isa = PBXFileReference; lastKnownFileType = image.png; name = btnVelocity.png; path = ../../Images/btnVelocity.png; sourceTree = "<group>"; };
		1103C6541F8003F80088DA6B /* moveEffect.sks */ = {isa = PBXFileReference; lastKnownFileType = file.sks; path = moveEffect.sks; sourceTree = "<group>"; };
		1103C6561F8004DE0088DA6B /* leftEffect.sks */ = {isa = PBXFileReference; lastKnownFileType = file.sks; path = leftEffect.sks; sourceTree = "<group>"; };
		1103C6631F8006390088DA6B /* Assets.xcassets */ = {isa = PBXFileReference; lastKnownFileType = folder.assetcatalog; path = Assets.xcassets; sourceTree = "<group>"; };
		111C15191F87D1EC00090ECB /* rect.png */ = {isa = PBXFileReference; lastKnownFileType = image.png; name = rect.png; path = ../../Images/rect.png; sourceTree = "<group>"; };
		114B96301F7BEDE4008DB1A8 /* DarkShip.app */ = {isa = PBXFileReference; explicitFileType = wrapper.application; includeInIndex = 0; path = DarkShip.app; sourceTree = BUILT_PRODUCTS_DIR; };
		114B96331F7BEDE4008DB1A8 /* AppDelegate.swift */ = {isa = PBXFileReference; lastKnownFileType = sourcecode.swift; path = AppDelegate.swift; sourceTree = "<group>"; };
		114B96351F7BEDE4008DB1A8 /* DSMainScene.sks */ = {isa = PBXFileReference; lastKnownFileType = file.sks; path = DSMainScene.sks; sourceTree = "<group>"; };
		114B96391F7BEDE4008DB1A8 /* DSMainScene.swift */ = {isa = PBXFileReference; lastKnownFileType = sourcecode.swift; path = DSMainScene.swift; sourceTree = "<group>"; };
		114B963B1F7BEDE4008DB1A8 /* DSMainController.swift */ = {isa = PBXFileReference; lastKnownFileType = sourcecode.swift; path = DSMainController.swift; sourceTree = "<group>"; };
		114B963E1F7BEDE4008DB1A8 /* Base */ = {isa = PBXFileReference; lastKnownFileType = file.storyboard; name = Base; path = Base.lproj/Main.storyboard; sourceTree = "<group>"; };
		114B96431F7BEDE4008DB1A8 /* Base */ = {isa = PBXFileReference; lastKnownFileType = file.storyboard; name = Base; path = Base.lproj/LaunchScreen.storyboard; sourceTree = "<group>"; };
		114B96451F7BEDE4008DB1A8 /* Info.plist */ = {isa = PBXFileReference; lastKnownFileType = text.plist.xml; path = Info.plist; sourceTree = "<group>"; };
		114B964F1F7BF499008DB1A8 /* background.png */ = {isa = PBXFileReference; lastKnownFileType = image.png; name = background.png; path = ../../background.png; sourceTree = "<group>"; };
		114B96531F7BF8E0008DB1A8 /* MainShip.png */ = {isa = PBXFileReference; lastKnownFileType = image.png; name = MainShip.png; path = ../../Images/MainShip.png; sourceTree = "<group>"; };
		114B96541F7EA308008DB1A8 /* Actions.sks */ = {isa = PBXFileReference; lastKnownFileType = file.sks; path = Actions.sks; sourceTree = "<group>"; };
		118CE18E1F868119003CC4BC /* fierEffect.sks */ = {isa = PBXFileReference; lastKnownFileType = file.sks; path = fierEffect.sks; sourceTree = "<group>"; };
		11ECCED41F7EB81800942759 /* btnRight.png */ = {isa = PBXFileReference; lastKnownFileType = image.png; name = btnRight.png; path = ../../Images/btnRight.png; sourceTree = "<group>"; };
		11ECCED51F7EB81800942759 /* btnLeft.png */ = {isa = PBXFileReference; lastKnownFileType = image.png; name = btnLeft.png; path = ../../Images/btnLeft.png; sourceTree = "<group>"; };
		11FFCB341F80E52700C43A98 /* bullet.png */ = {isa = PBXFileReference; lastKnownFileType = image.png; name = bullet.png; path = ../../Images/bullet.png; sourceTree = "<group>"; };
		11FFCB351F80F0BF00C43A98 /* L.png */ = {isa = PBXFileReference; lastKnownFileType = image.png; name = L.png; path = ../../Images/L.png; sourceTree = "<group>"; };
		11FFCB361F80F0BF00C43A98 /* R.png */ = {isa = PBXFileReference; lastKnownFileType = image.png; name = R.png; path = ../../Images/R.png; sourceTree = "<group>"; };
/* End PBXFileReference section */

/* Begin PBXFrameworksBuildPhase section */
		114B962D1F7BEDE4008DB1A8 /* Frameworks */ = {
			isa = PBXFrameworksBuildPhase;
			buildActionMask = 2147483647;
			files = (
			);
			runOnlyForDeploymentPostprocessing = 0;
		};
/* End PBXFrameworksBuildPhase section */

/* Begin PBXGroup section */
		114B96271F7BEDE4008DB1A8 = {
			isa = PBXGroup;
			children = (
				114B96321F7BEDE4008DB1A8 /* DarkShip */,
				114B96311F7BEDE4008DB1A8 /* Products */,
			);
			sourceTree = "<group>";
		};
		114B96311F7BEDE4008DB1A8 /* Products */ = {
			isa = PBXGroup;
			children = (
				114B96301F7BEDE4008DB1A8 /* DarkShip.app */,
			);
			name = Products;
			sourceTree = "<group>";
		};
		114B96321F7BEDE4008DB1A8 /* DarkShip */ = {
			isa = PBXGroup;
			children = (
				114B96331F7BEDE4008DB1A8 /* AppDelegate.swift */,
				114B96351F7BEDE4008DB1A8 /* DSMainScene.sks */,
				114B96541F7EA308008DB1A8 /* Actions.sks */,
				114B96391F7BEDE4008DB1A8 /* DSMainScene.swift */,
				1103C6541F8003F80088DA6B /* moveEffect.sks */,
				1103C6561F8004DE0088DA6B /* leftEffect.sks */,
				118CE18E1F868119003CC4BC /* fierEffect.sks */,
				1103C6631F8006390088DA6B /* Assets.xcassets */,
				114B963B1F7BEDE4008DB1A8 /* DSMainController.swift */,
				114B963D1F7BEDE4008DB1A8 /* Main.storyboard */,
				11FFCB341F80E52700C43A98 /* bullet.png */,
				114B964F1F7BF499008DB1A8 /* background.png */,
				11ECCED51F7EB81800942759 /* btnLeft.png */,
				111C15191F87D1EC00090ECB /* rect.png */,
				11ECCED41F7EB81800942759 /* btnRight.png */,
				114B96531F7BF8E0008DB1A8 /* MainShip.png */,
				11FFCB351F80F0BF00C43A98 /* L.png */,
				11FFCB361F80F0BF00C43A98 /* R.png */,
				1103C6531F7FFD3F0088DA6B /* btnVelocity.png */,
				114B96421F7BEDE4008DB1A8 /* LaunchScreen.storyboard */,
				114B96451F7BEDE4008DB1A8 /* Info.plist */,
			);
			path = DarkShip;
			sourceTree = "<group>";
		};
/* End PBXGroup section */

/* Begin PBXNativeTarget section */
		114B962F1F7BEDE4008DB1A8 /* DarkShip */ = {
			isa = PBXNativeTarget;
			buildConfigurationList = 114B96481F7BEDE4008DB1A8 /* Build configuration list for PBXNativeTarget "DarkShip" */;
			buildPhases = (
				114B962C1F7BEDE4008DB1A8 /* Sources */,
				114B962D1F7BEDE4008DB1A8 /* Frameworks */,
				114B962E1F7BEDE4008DB1A8 /* Resources */,
			);
			buildRules = (
			);
			dependencies = (
			);
			name = DarkShip;
			productName = DarkShip;
			productReference = 114B96301F7BEDE4008DB1A8 /* DarkShip.app */;
			productType = "com.apple.product-type.application";
		};
/* End PBXNativeTarget section */

/* Begin PBXProject section */
		114B96281F7BEDE4008DB1A8 /* Project object */ = {
			isa = PBXProject;
			attributes = {
				LastSwiftUpdateCheck = 0900;
				LastUpgradeCheck = 0900;
				ORGANIZATIONNAME = ernist;
				TargetAttributes = {
					114B962F1F7BEDE4008DB1A8 = {
						CreatedOnToolsVersion = 9.0;
						ProvisioningStyle = Automatic;
					};
				};
			};
			buildConfigurationList = 114B962B1F7BEDE4008DB1A8 /* Build configuration list for PBXProject "DarkShip" */;
			compatibilityVersion = "Xcode 8.0";
			developmentRegion = en;
			hasScannedForEncodings = 0;
			knownRegions = (
				en,
				Base,
			);
			mainGroup = 114B96271F7BEDE4008DB1A8;
			productRefGroup = 114B96311F7BEDE4008DB1A8 /* Products */;
			projectDirPath = "";
			projectRoot = "";
			targets = (
				114B962F1F7BEDE4008DB1A8 /* DarkShip */,
			);
		};
/* End PBXProject section */

/* Begin PBXResourcesBuildPhase section */
		114B962E1F7BEDE4008DB1A8 /* Resources */ = {
			isa = PBXResourcesBuildPhase;
			buildActionMask = 2147483647;
			files = (
				114B96551F7EA308008DB1A8 /* Actions.sks in Resources */,
				1103C6551F8003F80088DA6B /* moveEffect.sks in Resources */,
				11ECCED61F7EB81900942759 /* btnRight.png in Resources */,
				114B963F1F7BEDE4008DB1A8 /* Main.storyboard in Resources */,
				1103C6651F8006390088DA6B /* Assets.xcassets in Resources */,
				1103C6571F8004DE0088DA6B /* leftEffect.sks in Resources */,
				118CE18F1F868119003CC4BC /* fierEffect.sks in Resources */,
				114B96361F7BEDE4008DB1A8 /* DSMainScene.sks in Resources */,
				11ECCED71F7EB81900942759 /* btnLeft.png in Resources */,
				114B96441F7BEDE4008DB1A8 /* LaunchScreen.storyboard in Resources */,
			);
			runOnlyForDeploymentPostprocessing = 0;
		};
/* End PBXResourcesBuildPhase section */

/* Begin PBXSourcesBuildPhase section */
		114B962C1F7BEDE4008DB1A8 /* Sources */ = {
			isa = PBXSourcesBuildPhase;
			buildActionMask = 2147483647;
			files = (
				114B963A1F7BEDE4008DB1A8 /* DSMainScene.swift in Sources */,
				114B963C1F7BEDE4008DB1A8 /* DSMainController.swift in Sources */,
				114B96341F7BEDE4008DB1A8 /* AppDelegate.swift in Sources */,
			);
			runOnlyForDeploymentPostprocessing = 0;
		};
/* End PBXSourcesBuildPhase section */

/* Begin PBXVariantGroup section */
		114B963D1F7BEDE4008DB1A8 /* Main.storyboard */ = {
			isa = PBXVariantGroup;
			children = (
				114B963E1F7BEDE4008DB1A8 /* Base */,
			);
			name = Main.storyboard;
			sourceTree = "<group>";
		};
		114B96421F7BEDE4008DB1A8 /* LaunchScreen.storyboard */ = {
			isa = PBXVariantGroup;
			children = (
				114B96431F7BEDE4008DB1A8 /* Base */,
			);
			name = LaunchScreen.storyboard;
			sourceTree = "<group>";
		};
/* End PBXVariantGroup section */

/* Begin XCBuildConfiguration section */
		114B96461F7BEDE4008DB1A8 /* Debug */ = {
			isa = XCBuildConfiguration;
			buildSettings = {
				ALWAYS_SEARCH_USER_PATHS = NO;
				CLANG_ANALYZER_NONNULL = YES;
				CLANG_ANALYZER_NUMBER_OBJECT_CONVERSION = YES_AGGRESSIVE;
				CLANG_CXX_LANGUAGE_STANDARD = "gnu++14";
				CLANG_CXX_LIBRARY = "libc++";
				CLANG_ENABLE_MODULES = YES;
				CLANG_ENABLE_OBJC_ARC = YES;
				CLANG_WARN_BLOCK_CAPTURE_AUTORELEASING = YES;
				CLANG_WARN_BOOL_CONVERSION = YES;
				CLANG_WARN_COMMA = YES;
				CLANG_WARN_CONSTANT_CONVERSION = YES;
				CLANG_WARN_DIRECT_OBJC_ISA_USAGE = YES_ERROR;
				CLANG_WARN_DOCUMENTATION_COMMENTS = YES;
				CLANG_WARN_EMPTY_BODY = YES;
				CLANG_WARN_ENUM_CONVERSION = YES;
				CLANG_WARN_INFINITE_RECURSION = YES;
				CLANG_WARN_INT_CONVERSION = YES;
				CLANG_WARN_NON_LITERAL_NULL_CONVERSION = YES;
				CLANG_WARN_OBJC_LITERAL_CONVERSION = YES;
				CLANG_WARN_OBJC_ROOT_CLASS = YES_ERROR;
				CLANG_WARN_RANGE_LOOP_ANALYSIS = YES;
				CLANG_WARN_STRICT_PROTOTYPES = YES;
				CLANG_WARN_SUSPICIOUS_MOVE = YES;
				CLANG_WARN_UNGUARDED_AVAILABILITY = YES_AGGRESSIVE;
				CLANG_WARN_UNREACHABLE_CODE = YES;
				CLANG_WARN__DUPLICATE_METHOD_MATCH = YES;
				CODE_SIGN_IDENTITY = "iPhone Developer";
				COPY_PHASE_STRIP = NO;
				DEBUG_INFORMATION_FORMAT = dwarf;
				ENABLE_STRICT_OBJC_MSGSEND = YES;
				ENABLE_TESTABILITY = YES;
				GCC_C_LANGUAGE_STANDARD = gnu11;
				GCC_DYNAMIC_NO_PIC = NO;
				GCC_NO_COMMON_BLOCKS = YES;
				GCC_OPTIMIZATION_LEVEL = 0;
				GCC_PREPROCESSOR_DEFINITIONS = (
					"DEBUG=1",
					"$(inherited)",
				);
				GCC_WARN_64_TO_32_BIT_CONVERSION = YES;
				GCC_WARN_ABOUT_RETURN_TYPE = YES_ERROR;
				GCC_WARN_UNDECLARED_SELECTOR = YES;
				GCC_WARN_UNINITIALIZED_AUTOS = YES_AGGRESSIVE;
				GCC_WARN_UNUSED_FUNCTION = YES;
				GCC_WARN_UNUSED_VARIABLE = YES;
				IPHONEOS_DEPLOYMENT_TARGET = 11.0;
				MTL_ENABLE_DEBUG_INFO = YES;
				ONLY_ACTIVE_ARCH = YES;
				SDKROOT = iphoneos;
				SWIFT_ACTIVE_COMPILATION_CONDITIONS = DEBUG;
				SWIFT_OPTIMIZATION_LEVEL = "-Onone";
			};
			name = Debug;
		};
		114B96471F7BEDE4008DB1A8 /* Release */ = {
			isa = XCBuildConfiguration;
			buildSettings = {
				ALWAYS_SEARCH_USER_PATHS = NO;
				CLANG_ANALYZER_NONNULL = YES;
				CLANG_ANALYZER_NUMBER_OBJECT_CONVERSION = YES_AGGRESSIVE;
				CLANG_CXX_LANGUAGE_STANDARD = "gnu++14";
				CLANG_CXX_LIBRARY = "libc++";
				CLANG_ENABLE_MODULES = YES;
				CLANG_ENABLE_OBJC_ARC = YES;
				CLANG_WARN_BLOCK_CAPTURE_AUTORELEASING = YES;
				CLANG_WARN_BOOL_CONVERSION = YES;
				CLANG_WARN_COMMA = YES;
				CLANG_WARN_CONSTANT_CONVERSION = YES;
				CLANG_WARN_DIRECT_OBJC_ISA_USAGE = YES_ERROR;
				CLANG_WARN_DOCUMENTATION_COMMENTS = YES;
				CLANG_WARN_EMPTY_BODY = YES;
				CLANG_WARN_ENUM_CONVERSION = YES;
				CLANG_WARN_INFINITE_RECURSION = YES;
				CLANG_WARN_INT_CONVERSION = YES;
				CLANG_WARN_NON_LITERAL_NULL_CONVERSION = YES;
				CLANG_WARN_OBJC_LITERAL_CONVERSION = YES;
				CLANG_WARN_OBJC_ROOT_CLASS = YES_ERROR;
				CLANG_WARN_RANGE_LOOP_ANALYSIS = YES;
				CLANG_WARN_STRICT_PROTOTYPES = YES;
				CLANG_WARN_SUSPICIOUS_MOVE = YES;
				CLANG_WARN_UNGUARDED_AVAILABILITY = YES_AGGRESSIVE;
				CLANG_WARN_UNREACHABLE_CODE = YES;
				CLANG_WARN__DUPLICATE_METHOD_MATCH = YES;
				CODE_SIGN_IDENTITY = "iPhone Developer";
				COPY_PHASE_STRIP = NO;
				DEBUG_INFORMATION_FORMAT = "dwarf-with-dsym";
				ENABLE_NS_ASSERTIONS = NO;
				ENABLE_STRICT_OBJC_MSGSEND = YES;
				GCC_C_LANGUAGE_STANDARD = gnu11;
				GCC_NO_COMMON_BLOCKS = YES;
				GCC_WARN_64_TO_32_BIT_CONVERSION = YES;
				GCC_WARN_ABOUT_RETURN_TYPE = YES_ERROR;
				GCC_WARN_UNDECLARED_SELECTOR = YES;
				GCC_WARN_UNINITIALIZED_AUTOS = YES_AGGRESSIVE;
				GCC_WARN_UNUSED_FUNCTION = YES;
				GCC_WARN_UNUSED_VARIABLE = YES;
				IPHONEOS_DEPLOYMENT_TARGET = 11.0;
				MTL_ENABLE_DEBUG_INFO = NO;
				SDKROOT = iphoneos;
				SWIFT_OPTIMIZATION_LEVEL = "-Owholemodule";
				VALIDATE_PRODUCT = YES;
			};
			name = Release;
		};
		114B96491F7BEDE4008DB1A8 /* Debug */ = {
			isa = XCBuildConfiguration;
			buildSettings = {
				ASSETCATALOG_COMPILER_APPICON_NAME = AppIcon;
				CODE_SIGN_STYLE = Automatic;
				DEVELOPMENT_TEAM = F746C67XXU;
				INFOPLIST_FILE = DarkShip/Info.plist;
				LD_RUNPATH_SEARCH_PATHS = "$(inherited) @executable_path/Frameworks";
				PRODUCT_BUNDLE_IDENTIFIER = home.DarkShip;
				PRODUCT_NAME = "$(TARGET_NAME)";
				SWIFT_VERSION = 4.0;
				TARGETED_DEVICE_FAMILY = 2;
			};
			name = Debug;
		};
		114B964A1F7BEDE4008DB1A8 /* Release */ = {
			isa = XCBuildConfiguration;
			buildSettings = {
				ASSETCATALOG_COMPILER_APPICON_NAME = AppIcon;
				CODE_SIGN_STYLE = Automatic;
				DEVELOPMENT_TEAM = F746C67XXU;
				INFOPLIST_FILE = DarkShip/Info.plist;
				LD_RUNPATH_SEARCH_PATHS = "$(inherited) @executable_path/Frameworks";
				PRODUCT_BUNDLE_IDENTIFIER = home.DarkShip;
				PRODUCT_NAME = "$(TARGET_NAME)";
				SWIFT_VERSION = 4.0;
				TARGETED_DEVICE_FAMILY = 2;
			};
			name = Release;
		};
/* End XCBuildConfiguration section */

/* Begin XCConfigurationList section */
		114B962B1F7BEDE4008DB1A8 /* Build configuration list for PBXProject "DarkShip" */ = {
			isa = XCConfigurationList;
			buildConfigurations = (
				114B96461F7BEDE4008DB1A8 /* Debug */,
				114B96471F7BEDE4008DB1A8 /* Release */,
			);
			defaultConfigurationIsVisible = 0;
			defaultConfigurationName = Release;
		};
		114B96481F7BEDE4008DB1A8 /* Build configuration list for PBXNativeTarget "DarkShip" */ = {
			isa = XCConfigurationList;
			buildConfigurations = (
				114B96491F7BEDE4008DB1A8 /* Debug */,
				114B964A1F7BEDE4008DB1A8 /* Release */,
			);
			defaultConfigurationIsVisible = 0;
			defaultConfigurationName = Release;
		};
/* End XCConfigurationList section */
	};
	rootObject = 114B96281F7BEDE4008DB1A8 /* Project object */;
}
